
Microsoft Visual Studio Solution File, Format Version 12.00
# Visual Studio Version 17
VisualStudioVersion = 17.2.32526.322
MinimumVisualStudioVersion = 10.0.40219.1
Project("{FAE04EC0-301F-11D3-BF4B-00C04F79EFBC}") = "code no 3", "code no 3\code no 3.csproj", "{53E40ED7-5EFA-47CB-A809-E2A52045E702}"
EndProject
Global
	GlobalSection(SolutionConfigurationPlatforms) = preSolution
		Debug|Any CPU = Debug|Any CPU
		Release|Any CPU = Release|Any CPU
	EndGlobalSection
	GlobalSection(ProjectConfigurationPlatforms) = postSolution
		{53E40ED7-5EFA-47CB-A809-E2A52045E702}.Debug|Any CPU.ActiveCfg = Debug|Any CPU
		{53E40ED7-5EFA-47CB-A809-E2A52045E702}.Debug|Any CPU.Build.0 = Debug|Any CPU
		{53E40ED7-5EFA-47CB-A809-E2A52045E702}.Release|Any CPU.ActiveCfg = Release|Any CPU
		{53E40ED7-5EFA-47CB-A809-E2A52045E702}.Release|Any CPU.Build.0 = Release|Any CPU
	EndGlobalSection
	GlobalSection(SolutionProperties) = preSolution
		HideSolutionNode = FALSE
	EndGlobalSection
	GlobalSection(ExtensibilityGlobals) = postSolution
		SolutionGuid = {85D016FE-5A21-48A9-856A-E962BE2DE233}
	EndGlobalSection
EndGlobal
